
Microsoft Visual Studio Solution File, Format Version 12.00
# Visual Studio Version 17
VisualStudioVersion = 17.8.34511.84
MinimumVisualStudioVersion = 10.0.40219.1
Project("{9A19103F-16F7-4668-BE54-9A1E7A4F7556}") = "GreenFundGS", "GreenFundGS.csproj", "{48D2E70B-E4EE-4EBF-8EF6-0761A41B6D65}"
EndProject
Project("{FAE04EC0-301F-11D3-BF4B-00C04F79EFBC}") = "GreenFundGS.Testes", "GreenFundGS.Testes\GreenFundGS.Testes.csproj", "{B3EEE220-B1F7-488B-B158-C004C903A729}"
EndProject
Global
	GlobalSection(SolutionConfigurationPlatforms) = preSolution
		Debug|Any CPU = Debug|Any CPU
		Release|Any CPU = Release|Any CPU
	EndGlobalSection
	GlobalSection(ProjectConfigurationPlatforms) = postSolution
		{48D2E70B-E4EE-4EBF-8EF6-0761A41B6D65}.Debug|Any CPU.ActiveCfg = Debug|Any CPU
		{48D2E70B-E4EE-4EBF-8EF6-0761A41B6D65}.Debug|Any CPU.Build.0 = Debug|Any CPU
		{48D2E70B-E4EE-4EBF-8EF6-0761A41B6D65}.Release|Any CPU.ActiveCfg = Release|Any CPU
		{48D2E70B-E4EE-4EBF-8EF6-0761A41B6D65}.Release|Any CPU.Build.0 = Release|Any CPU
		{B3EEE220-B1F7-488B-B158-C004C903A729}.Debug|Any CPU.ActiveCfg = Debug|Any CPU
		{B3EEE220-B1F7-488B-B158-C004C903A729}.Debug|Any CPU.Build.0 = Debug|Any CPU
		{B3EEE220-B1F7-488B-B158-C004C903A729}.Release|Any CPU.ActiveCfg = Release|Any CPU
		{B3EEE220-B1F7-488B-B158-C004C903A729}.Release|Any CPU.Build.0 = Release|Any CPU
	EndGlobalSection
	GlobalSection(SolutionProperties) = preSolution
		HideSolutionNode = FALSE
	EndGlobalSection
	GlobalSection(ExtensibilityGlobals) = postSolution
		SolutionGuid = {7BD296B4-3975-4303-BA58-B7E63035E625}
	EndGlobalSection
EndGlobal
